
Microsoft Visual Studio Solution File, Format Version 12.00
# Visual Studio Express 2012 for Windows Desktop
Project("{FAE04EC0-301F-11D3-BF4B-00C04F79EFBC}") = "DI_ListBox", "DI_ListBox\DI_ListBox.csproj", "{77FD67E8-6A17-4EA2-BE92-28A9054AAAEA}"
EndProject
Global
	GlobalSection(SolutionConfigurationPlatforms) = preSolution
		Debug|Any CPU = Debug|Any CPU
		Release|Any CPU = Release|Any CPU
	EndGlobalSection
	GlobalSection(ProjectConfigurationPlatforms) = postSolution
		{77FD67E8-6A17-4EA2-BE92-28A9054AAAEA}.Debug|Any CPU.ActiveCfg = Debug|Any CPU
		{77FD67E8-6A17-4EA2-BE92-28A9054AAAEA}.Debug|Any CPU.Build.0 = Debug|Any CPU
		{77FD67E8-6A17-4EA2-BE92-28A9054AAAEA}.Release|Any CPU.ActiveCfg = Release|Any CPU
		{77FD67E8-6A17-4EA2-BE92-28A9054AAAEA}.Release|Any CPU.Build.0 = Release|Any CPU
	EndGlobalSection
	GlobalSection(SolutionProperties) = preSolution
		HideSolutionNode = FALSE
	EndGlobalSection
EndGlobal
